
Microsoft Visual Studio Solution File, Format Version 12.00
# Visual Studio 15
VisualStudioVersion = 15.0.26430.16
MinimumVisualStudioVersion = 10.0.40219.1
Project("{7CF6DF6D-3B04-46F8-A40B-537D21BCA0B4}") = "SATC.SC.Framework.Documentation", "SATC.SC.Framework.Documentation\SATC.SC.Framework.Documentation.shfbproj", "{DED3DE63-8817-46D0-A226-D02920E4E940}"
EndProject
Global
	GlobalSection(SolutionConfigurationPlatforms) = preSolution
		Debug|Any CPU = Debug|Any CPU
		Release|Any CPU = Release|Any CPU
	EndGlobalSection
	GlobalSection(ProjectConfigurationPlatforms) = postSolution
		{DED3DE63-8817-46D0-A226-D02920E4E940}.Debug|Any CPU.ActiveCfg = Debug|Any CPU
		{DED3DE63-8817-46D0-A226-D02920E4E940}.Debug|Any CPU.Build.0 = Debug|Any CPU
		{DED3DE63-8817-46D0-A226-D02920E4E940}.Release|Any CPU.ActiveCfg = Release|Any CPU
		{DED3DE63-8817-46D0-A226-D02920E4E940}.Release|Any CPU.Build.0 = Release|Any CPU
	EndGlobalSection
	GlobalSection(SolutionProperties) = preSolution
		HideSolutionNode = FALSE
	EndGlobalSection
EndGlobal
